
Microsoft Visual Studio Solution File, Format Version 12.00
# Visual Studio 15
VisualStudioVersion = 15.0.27130.2010
MinimumVisualStudioVersion = 10.0.40219.1
Project("{FAE04EC0-301F-11D3-BF4B-00C04F79EFBC}") = "C Sharp", "C Sharp\C Sharp.csproj", "{A6842346-66C4-4F1E-8924-9920D4B0B3CE}"
EndProject
Global
	GlobalSection(SolutionConfigurationPlatforms) = preSolution
		Debug|Any CPU = Debug|Any CPU
		Release|Any CPU = Release|Any CPU
	EndGlobalSection
	GlobalSection(ProjectConfigurationPlatforms) = postSolution
		{A6842346-66C4-4F1E-8924-9920D4B0B3CE}.Debug|Any CPU.ActiveCfg = Debug|Any CPU
		{A6842346-66C4-4F1E-8924-9920D4B0B3CE}.Debug|Any CPU.Build.0 = Debug|Any CPU
		{A6842346-66C4-4F1E-8924-9920D4B0B3CE}.Release|Any CPU.ActiveCfg = Release|Any CPU
		{A6842346-66C4-4F1E-8924-9920D4B0B3CE}.Release|Any CPU.Build.0 = Release|Any CPU
	EndGlobalSection
	GlobalSection(SolutionProperties) = preSolution
		HideSolutionNode = FALSE
	EndGlobalSection
	GlobalSection(ExtensibilityGlobals) = postSolution
		SolutionGuid = {0D8B4A11-2C7F-4CCE-AB6C-92C1A20EDF2C}
	EndGlobalSection
EndGlobal
